{
  "name": "steering-behavior",
  "version": "1.0.0",
  "lockfileVersion": 3,
  "requires": true,
  "packages": {
    "": {
      "name": "steering-behavior",
      "version": "1.0.0",
      "license": "ISC",
      "dependencies": {
        "@rbxts/janitor": "^1.14.1-ts.1",
        "@rbxts/knit": "^0.0.21-alpha.0",
        "@rbxts/object-utils": "^1.0.4",
        "@rbxts/profileservice": "^1.4.1",
        "@rbxts/services": "^1.5.1",
        "knit": "^0.2.0",
        "package": "^1.0.1",
        "services": "^0.0.3"
      },
      "devDependencies": {
        "@rbxts/compiler-types": "^2.1.0-types.1",
        "@rbxts/types": "^1.0.672",
        "typescript": "^5.0.3"
      }
    },
    "node_modules/@rbxts/compiler-types": {
      "version": "2.1.0-types.1",
      "resolved": "https://registry.npmjs.org/@rbxts/compiler-types/-/compiler-types-2.1.0-types.1.tgz",
      "integrity": "sha512-+ztwutzuNivWsgsERiC7n5il4C5gfJUuGJUmXYRq8FwY4ye3aupRi9RocmyAHq6255sO7z+RM61AVbqx3llsLQ==",
      "dev": true
    },
    "node_modules/@rbxts/janitor": {
      "version": "1.14.1-ts.1",
      "resolved": "https://registry.npmjs.org/@rbxts/janitor/-/janitor-1.14.1-ts.1.tgz",
      "integrity": "sha512-6j2OGWWPf6JllTxvFzavSs8qyoLHao1C4o9ggRKoQfmnBd9JIJStJ5jTttpNXXrrSQFoFv3nSHdKa5fZ+5dNMg=="
    },
    "node_modules/@rbxts/knit": {
      "version": "0.0.21-alpha.0",
      "resolved": "https://registry.npmjs.org/@rbxts/knit/-/knit-0.0.21-alpha.0.tgz",
      "integrity": "sha512-NDDa/bpVQPOr4eN8kIRNP8s6Q/s1dOxJa69QPC8Bx181wecyBCPHPFbtlLaIV0ZpCQ8rrzjnB2bU6dgvYumEGQ=="
    },
    "node_modules/@rbxts/object-utils": {
      "version": "1.0.4",
      "resolved": "https://registry.npmjs.org/@rbxts/object-utils/-/object-utils-1.0.4.tgz",
      "integrity": "sha512-dLLhf022ipV+9i910sOE7kl9losKHoon0WgeerHqVMQA5EYsLUsVT2AxhJuhk8MiDn5oJ2GiFofE/LadY9TpJQ=="
    },
    "node_modules/@rbxts/profileservice": {
      "version": "1.4.1",
      "resolved": "https://registry.npmjs.org/@rbxts/profileservice/-/profileservice-1.4.1.tgz",
      "integrity": "sha512-cB9+hz7EOaqMKMDLrYE/aSzN2+hNlOBgmJTRdFwbZJ/EsJVqXVwaNx4REh+b6doqlnkPv6O2VIKP9LC2WypeYA=="
    },
    "node_modules/@rbxts/services": {
      "version": "1.5.1",
      "resolved": "https://registry.npmjs.org/@rbxts/services/-/services-1.5.1.tgz",
      "integrity": "sha512-SRtfIjga0K4YYSXRpK+eH3kcTq7ZXo9OHOt0jszaOOoEOIJloMGlyuRPqesPHyhveh2AMXAZr3TYbRMSD+u+kQ=="
    },
    "node_modules/@rbxts/types": {
      "version": "1.0.672",
      "resolved": "https://registry.npmjs.org/@rbxts/types/-/types-1.0.672.tgz",
      "integrity": "sha512-C/OwBN0HJrmKyV/MeBBzgcxKQ9Xt0TNWGJbAaE4YbuDmIUbi+9vjp5Myjhz7tbeqyljJmjcnQ+t8kpIAQG4tlQ==",
      "dev": true
    },
    "node_modules/knit": {
      "version": "0.2.0",
      "resolved": "https://registry.npmjs.org/knit/-/knit-0.2.0.tgz",
      "integrity": "sha512-c8F+r722qZslqkgo81ZHEpyvAjDmbzzjxw0vkxaj8PNCq9hHCwX9W+4y91TeOqKfmrx1nhgHrNAat8irmwFDvg==",
      "engines": {
        "node": "0.10.*"
      }
    },
    "node_modules/package": {
      "version": "1.0.1",
      "resolved": "https://registry.npmjs.org/package/-/package-1.0.1.tgz",
      "integrity": "sha512-g6xZR6CO7okjie83sIRJodgGvaXqymfE5GLhN8N2TmZGShmHc/V23hO/vWbdnuy3D81As3pfovw72gGi42l9qA==",
      "engines": {
        "node": ">= 0.6.0"
      }
    },
    "node_modules/services": {
      "version": "0.0.3",
      "resolved": "https://registry.npmjs.org/services/-/services-0.0.3.tgz",
      "integrity": "sha512-gTbXbqY17kPX6IKYSJc5EYwMkpTmJWa3axRsASdFoOmuTx4DlamDa61Fmhx8mA3tzE5HtcM0+NbdvHo+mcLdMg==",
      "dependencies": {
        "underscore": ">=1.3.0",
        "underscore.string": ">=2.0.0"
      },
      "engines": {
        "node": ">=0.4.9"
      }
    },
    "node_modules/sprintf-js": {
      "version": "1.1.2",
      "resolved": "https://registry.npmjs.org/sprintf-js/-/sprintf-js-1.1.2.tgz",
      "integrity": "sha512-VE0SOVEHCk7Qc8ulkWw3ntAzXuqf7S2lvwQaDLRnUeIEaKNQJzV6BwmLKhOqT61aGhfUMrXeaBk+oDGCzvhcug=="
    },
    "node_modules/typescript": {
      "version": "5.0.3",
      "resolved": "https://registry.npmjs.org/typescript/-/typescript-5.0.3.tgz",
      "integrity": "sha512-xv8mOEDnigb/tN9PSMTwSEqAnUvkoXMQlicOb0IUVDBSQCgBSaAAROUZYy2IcUy5qU6XajK5jjjO7TMWqBTKZA==",
      "dev": true,
      "bin": {
        "tsc": "bin/tsc",
        "tsserver": "bin/tsserver"
      },
      "engines": {
        "node": ">=12.20"
      }
    },
    "node_modules/underscore": {
      "version": "1.13.6",
      "resolved": "https://registry.npmjs.org/underscore/-/underscore-1.13.6.tgz",
      "integrity": "sha512-+A5Sja4HP1M08MaXya7p5LvjuM7K6q/2EaC0+iovj/wOcMsTzMvDFbasi/oSapiwOlt252IqsKqPjCl7huKS0A=="
    },
    "node_modules/underscore.string": {
      "version": "3.3.6",
      "resolved": "https://registry.npmjs.org/underscore.string/-/underscore.string-3.3.6.tgz",
      "integrity": "sha512-VoC83HWXmCrF6rgkyxS9GHv8W9Q5nhMKho+OadDJGzL2oDYbYEppBaCMH6pFlwLeqj2QS+hhkw2kpXkSdD1JxQ==",
      "dependencies": {
        "sprintf-js": "^1.1.1",
        "util-deprecate": "^1.0.2"
      },
      "engines": {
        "node": "*"
      }
    },
    "node_modules/util-deprecate": {
      "version": "1.0.2",
      "resolved": "https://registry.npmjs.org/util-deprecate/-/util-deprecate-1.0.2.tgz",
      "integrity": "sha512-EPD5q1uXyFxJpCrLnCc1nHnq3gOa6DZBocAIiI2TaSCA7VCJ1UJDMagCzIkXNsUYfD1daK//LTEQ8xiIbrHtcw=="
    }
  }
}
